
Microsoft Visual Studio Solution File, Format Version 12.00
# Visual Studio Version 16
VisualStudioVersion = 16.0.30611.23
MinimumVisualStudioVersion = 10.0.40219.1
Project("{FAE04EC0-301F-11D3-BF4B-00C04F79EFBC}") = "IsEmri", "IsEmri\IsEmri.csproj", "{0B5208FD-7F23-4D29-B9A9-442865CA2039}"
EndProject
Project("{FAE04EC0-301F-11D3-BF4B-00C04F79EFBC}") = "IsEmri.Business", "IsEmri.Business\IsEmri.Business.csproj", "{0185D0CD-813C-4785-9B66-AC65B3602004}"
EndProject
Global
	GlobalSection(SolutionConfigurationPlatforms) = preSolution
		Debug|Any CPU = Debug|Any CPU
		Release|Any CPU = Release|Any CPU
	EndGlobalSection
	GlobalSection(ProjectConfigurationPlatforms) = postSolution
		{0B5208FD-7F23-4D29-B9A9-442865CA2039}.Debug|Any CPU.ActiveCfg = Debug|Any CPU
		{0B5208FD-7F23-4D29-B9A9-442865CA2039}.Debug|Any CPU.Build.0 = Debug|Any CPU
		{0B5208FD-7F23-4D29-B9A9-442865CA2039}.Release|Any CPU.ActiveCfg = Release|Any CPU
		{0B5208FD-7F23-4D29-B9A9-442865CA2039}.Release|Any CPU.Build.0 = Release|Any CPU
		{0185D0CD-813C-4785-9B66-AC65B3602004}.Debug|Any CPU.ActiveCfg = Debug|Any CPU
		{0185D0CD-813C-4785-9B66-AC65B3602004}.Debug|Any CPU.Build.0 = Debug|Any CPU
		{0185D0CD-813C-4785-9B66-AC65B3602004}.Release|Any CPU.ActiveCfg = Release|Any CPU
		{0185D0CD-813C-4785-9B66-AC65B3602004}.Release|Any CPU.Build.0 = Release|Any CPU
	EndGlobalSection
	GlobalSection(SolutionProperties) = preSolution
		HideSolutionNode = FALSE
	EndGlobalSection
	GlobalSection(ExtensibilityGlobals) = postSolution
		SolutionGuid = {F64FA237-B9E1-4E82-92E7-8701C26E0CAB}
	EndGlobalSection
EndGlobal
